{
  "pins" : [
    {
      "identity" : "rangeslider",
      "kind" : "remoteSourceControl",
      "location" : "https://github.com/TsurumotoKentarou/RangeSlider",
      "state" : {
        "branch" : "main",
        "revision" : "d6663850a227dd511deecf98afbda162994b263c"
      }
    }
  ],
  "version" : 2
}
