{
  "pins" : [
    {
      "identity" : "rangeslider",
      "kind" : "remoteSourceControl",
      "location" : "https://github.com/TsurumotoKentarou/RangeSlider",
      "state" : {
        "branch" : "main",
        "revision" : "23e0cfd340d0e3e087d1c6735282ec212b8befa3"
      }
    }
  ],
  "version" : 2
}
