{
  "pins" : [
    {
      "identity" : "rangeslider",
      "kind" : "remoteSourceControl",
      "location" : "https://github.com/TsurumotoKentarou/RangeSlider",
      "state" : {
        "branch" : "main",
        "revision" : "b1dc0b89f7ed5e3e6c1a46e8131928ca470a529d"
      }
    }
  ],
  "version" : 2
}
